
Microsoft Visual Studio Solution File, Format Version 12.00
# Visual Studio 15
VisualStudioVersion = 15.0.26124.0
MinimumVisualStudioVersion = 15.0.26124.0
Project("{2150E333-8FDC-42A3-9474-1A3956D46DE8}") = "src", "src", "{C10FBCD9-DF0E-419D-BAB6-08847A36DDF3}"
EndProject
Project("{FAE04EC0-301F-11D3-BF4B-00C04F79EFBC}") = "GiveMe", "src\GiveMe\GiveMe.csproj", "{7EF1FB77-9309-4BDF-95EA-1AD984CC9214}"
EndProject
Project("{FAE04EC0-301F-11D3-BF4B-00C04F79EFBC}") = "GiveMe.Abstractions", "src\GiveMe.Abstractions\GiveMe.Abstractions.csproj", "{F5FCB595-8282-48FF-9734-04C077554F5D}"
EndProject
Project("{FAE04EC0-301F-11D3-BF4B-00C04F79EFBC}") = "GiveMe.Commands", "src\GiveMe.Commands\GiveMe.Commands.csproj", "{B8258020-BA79-435D-8879-58F5A2BE0EA5}"
EndProject
Project("{FAE04EC0-301F-11D3-BF4B-00C04F79EFBC}") = "GiveMe.Handlers", "src\GiveMe.Handlers\GiveMe.Handlers.csproj", "{CC1CE8ED-350D-4612-BF44-EE08099D2268}"
EndProject
Project("{2150E333-8FDC-42A3-9474-1A3956D46DE8}") = "tests", "tests", "{C6AE5B70-6C5B-40C8-8C1A-EFE048B00B8E}"
EndProject
Project("{FAE04EC0-301F-11D3-BF4B-00C04F79EFBC}") = "GiveMe.Tests", "tests\GiveMe.Tests\GiveMe.Tests.csproj", "{AEF006DD-2955-41C8-9BB5-71A5CBF6EAE6}"
EndProject
Global
	GlobalSection(SolutionConfigurationPlatforms) = preSolution
		Debug|Any CPU = Debug|Any CPU
		Debug|x64 = Debug|x64
		Debug|x86 = Debug|x86
		Release|Any CPU = Release|Any CPU
		Release|x64 = Release|x64
		Release|x86 = Release|x86
	EndGlobalSection
	GlobalSection(SolutionProperties) = preSolution
		HideSolutionNode = FALSE
	EndGlobalSection
	GlobalSection(ProjectConfigurationPlatforms) = postSolution
		{7EF1FB77-9309-4BDF-95EA-1AD984CC9214}.Debug|Any CPU.ActiveCfg = Debug|Any CPU
		{7EF1FB77-9309-4BDF-95EA-1AD984CC9214}.Debug|Any CPU.Build.0 = Debug|Any CPU
		{7EF1FB77-9309-4BDF-95EA-1AD984CC9214}.Debug|x64.ActiveCfg = Debug|Any CPU
		{7EF1FB77-9309-4BDF-95EA-1AD984CC9214}.Debug|x64.Build.0 = Debug|Any CPU
		{7EF1FB77-9309-4BDF-95EA-1AD984CC9214}.Debug|x86.ActiveCfg = Debug|Any CPU
		{7EF1FB77-9309-4BDF-95EA-1AD984CC9214}.Debug|x86.Build.0 = Debug|Any CPU
		{7EF1FB77-9309-4BDF-95EA-1AD984CC9214}.Release|Any CPU.ActiveCfg = Release|Any CPU
		{7EF1FB77-9309-4BDF-95EA-1AD984CC9214}.Release|Any CPU.Build.0 = Release|Any CPU
		{7EF1FB77-9309-4BDF-95EA-1AD984CC9214}.Release|x64.ActiveCfg = Release|Any CPU
		{7EF1FB77-9309-4BDF-95EA-1AD984CC9214}.Release|x64.Build.0 = Release|Any CPU
		{7EF1FB77-9309-4BDF-95EA-1AD984CC9214}.Release|x86.ActiveCfg = Release|Any CPU
		{7EF1FB77-9309-4BDF-95EA-1AD984CC9214}.Release|x86.Build.0 = Release|Any CPU
		{F5FCB595-8282-48FF-9734-04C077554F5D}.Debug|Any CPU.ActiveCfg = Debug|Any CPU
		{F5FCB595-8282-48FF-9734-04C077554F5D}.Debug|Any CPU.Build.0 = Debug|Any CPU
		{F5FCB595-8282-48FF-9734-04C077554F5D}.Debug|x64.ActiveCfg = Debug|Any CPU
		{F5FCB595-8282-48FF-9734-04C077554F5D}.Debug|x64.Build.0 = Debug|Any CPU
		{F5FCB595-8282-48FF-9734-04C077554F5D}.Debug|x86.ActiveCfg = Debug|Any CPU
		{F5FCB595-8282-48FF-9734-04C077554F5D}.Debug|x86.Build.0 = Debug|Any CPU
		{F5FCB595-8282-48FF-9734-04C077554F5D}.Release|Any CPU.ActiveCfg = Release|Any CPU
		{F5FCB595-8282-48FF-9734-04C077554F5D}.Release|Any CPU.Build.0 = Release|Any CPU
		{F5FCB595-8282-48FF-9734-04C077554F5D}.Release|x64.ActiveCfg = Release|Any CPU
		{F5FCB595-8282-48FF-9734-04C077554F5D}.Release|x64.Build.0 = Release|Any CPU
		{F5FCB595-8282-48FF-9734-04C077554F5D}.Release|x86.ActiveCfg = Release|Any CPU
		{F5FCB595-8282-48FF-9734-04C077554F5D}.Release|x86.Build.0 = Release|Any CPU
		{B8258020-BA79-435D-8879-58F5A2BE0EA5}.Debug|Any CPU.ActiveCfg = Debug|Any CPU
		{B8258020-BA79-435D-8879-58F5A2BE0EA5}.Debug|Any CPU.Build.0 = Debug|Any CPU
		{B8258020-BA79-435D-8879-58F5A2BE0EA5}.Debug|x64.ActiveCfg = Debug|Any CPU
		{B8258020-BA79-435D-8879-58F5A2BE0EA5}.Debug|x64.Build.0 = Debug|Any CPU
		{B8258020-BA79-435D-8879-58F5A2BE0EA5}.Debug|x86.ActiveCfg = Debug|Any CPU
		{B8258020-BA79-435D-8879-58F5A2BE0EA5}.Debug|x86.Build.0 = Debug|Any CPU
		{B8258020-BA79-435D-8879-58F5A2BE0EA5}.Release|Any CPU.ActiveCfg = Release|Any CPU
		{B8258020-BA79-435D-8879-58F5A2BE0EA5}.Release|Any CPU.Build.0 = Release|Any CPU
		{B8258020-BA79-435D-8879-58F5A2BE0EA5}.Release|x64.ActiveCfg = Release|Any CPU
		{B8258020-BA79-435D-8879-58F5A2BE0EA5}.Release|x64.Build.0 = Release|Any CPU
		{B8258020-BA79-435D-8879-58F5A2BE0EA5}.Release|x86.ActiveCfg = Release|Any CPU
		{B8258020-BA79-435D-8879-58F5A2BE0EA5}.Release|x86.Build.0 = Release|Any CPU
		{CC1CE8ED-350D-4612-BF44-EE08099D2268}.Debug|Any CPU.ActiveCfg = Debug|Any CPU
		{CC1CE8ED-350D-4612-BF44-EE08099D2268}.Debug|Any CPU.Build.0 = Debug|Any CPU
		{CC1CE8ED-350D-4612-BF44-EE08099D2268}.Debug|x64.ActiveCfg = Debug|Any CPU
		{CC1CE8ED-350D-4612-BF44-EE08099D2268}.Debug|x64.Build.0 = Debug|Any CPU
		{CC1CE8ED-350D-4612-BF44-EE08099D2268}.Debug|x86.ActiveCfg = Debug|Any CPU
		{CC1CE8ED-350D-4612-BF44-EE08099D2268}.Debug|x86.Build.0 = Debug|Any CPU
		{CC1CE8ED-350D-4612-BF44-EE08099D2268}.Release|Any CPU.ActiveCfg = Release|Any CPU
		{CC1CE8ED-350D-4612-BF44-EE08099D2268}.Release|Any CPU.Build.0 = Release|Any CPU
		{CC1CE8ED-350D-4612-BF44-EE08099D2268}.Release|x64.ActiveCfg = Release|Any CPU
		{CC1CE8ED-350D-4612-BF44-EE08099D2268}.Release|x64.Build.0 = Release|Any CPU
		{CC1CE8ED-350D-4612-BF44-EE08099D2268}.Release|x86.ActiveCfg = Release|Any CPU
		{CC1CE8ED-350D-4612-BF44-EE08099D2268}.Release|x86.Build.0 = Release|Any CPU
		{AEF006DD-2955-41C8-9BB5-71A5CBF6EAE6}.Debug|Any CPU.ActiveCfg = Debug|Any CPU
		{AEF006DD-2955-41C8-9BB5-71A5CBF6EAE6}.Debug|Any CPU.Build.0 = Debug|Any CPU
		{AEF006DD-2955-41C8-9BB5-71A5CBF6EAE6}.Debug|x64.ActiveCfg = Debug|Any CPU
		{AEF006DD-2955-41C8-9BB5-71A5CBF6EAE6}.Debug|x64.Build.0 = Debug|Any CPU
		{AEF006DD-2955-41C8-9BB5-71A5CBF6EAE6}.Debug|x86.ActiveCfg = Debug|Any CPU
		{AEF006DD-2955-41C8-9BB5-71A5CBF6EAE6}.Debug|x86.Build.0 = Debug|Any CPU
		{AEF006DD-2955-41C8-9BB5-71A5CBF6EAE6}.Release|Any CPU.ActiveCfg = Release|Any CPU
		{AEF006DD-2955-41C8-9BB5-71A5CBF6EAE6}.Release|Any CPU.Build.0 = Release|Any CPU
		{AEF006DD-2955-41C8-9BB5-71A5CBF6EAE6}.Release|x64.ActiveCfg = Release|Any CPU
		{AEF006DD-2955-41C8-9BB5-71A5CBF6EAE6}.Release|x64.Build.0 = Release|Any CPU
		{AEF006DD-2955-41C8-9BB5-71A5CBF6EAE6}.Release|x86.ActiveCfg = Release|Any CPU
		{AEF006DD-2955-41C8-9BB5-71A5CBF6EAE6}.Release|x86.Build.0 = Release|Any CPU
	EndGlobalSection
	GlobalSection(NestedProjects) = preSolution
		{7EF1FB77-9309-4BDF-95EA-1AD984CC9214} = {C10FBCD9-DF0E-419D-BAB6-08847A36DDF3}
		{F5FCB595-8282-48FF-9734-04C077554F5D} = {C10FBCD9-DF0E-419D-BAB6-08847A36DDF3}
		{B8258020-BA79-435D-8879-58F5A2BE0EA5} = {C10FBCD9-DF0E-419D-BAB6-08847A36DDF3}
		{CC1CE8ED-350D-4612-BF44-EE08099D2268} = {C10FBCD9-DF0E-419D-BAB6-08847A36DDF3}
		{AEF006DD-2955-41C8-9BB5-71A5CBF6EAE6} = {C6AE5B70-6C5B-40C8-8C1A-EFE048B00B8E}
	EndGlobalSection
EndGlobal
